
Microsoft Visual Studio Solution File, Format Version 12.00
# Visual Studio Version 17
VisualStudioVersion = 17.14.37203.1
MinimumVisualStudioVersion = 10.0.40219.1
Project("{FAE04EC0-301F-11D3-BF4B-00C04F79EFBC}") = "BuildingBlocks", "src\BuildingBlocks\BuildingBlocks.csproj", "{A8FD98CA-6D31-4440-8F64-460C6D2A5628}"
EndProject
Project("{FAE04EC0-301F-11D3-BF4B-00C04F79EFBC}") = "Profiles.Api", "src\Profiles.Api\Profiles.Api.csproj", "{D4E14AE9-BD79-465D-875E-6692729776B0}"
EndProject
Project("{FAE04EC0-301F-11D3-BF4B-00C04F79EFBC}") = "CultivationArea.Api", "src\CultivationArea.Api\CultivationArea.Api.csproj", "{5D894CD4-A5EB-4AD8-8524-E6DB426318A9}"
EndProject
Project("{FAE04EC0-301F-11D3-BF4B-00C04F79EFBC}") = "Gateway.Api", "src\Gateway.Api\Gateway.Api.csproj", "{939AEAAC-5785-49DF-BD8E-1C9CE342EE83}"
EndProject
Project("{FAE04EC0-301F-11D3-BF4B-00C04F79EFBC}") = "Grotix.Contracts.Auth", "src\Grotix.Contracts.Auth\Grotix.Contracts.Auth.csproj", "{E1C92E4A-6E7F-4B22-9334-0641F190C42D}"
EndProject
Project("{FAE04EC0-301F-11D3-BF4B-00C04F79EFBC}") = "Grotix.Contracts.Integration", "src\Grotix.Contracts.Integration\Grotix.Contracts.Integration.csproj", "{B2C5951A-30C7-4F72-B848-898FD593E535}"
EndProject
Project("{FAE04EC0-301F-11D3-BF4B-00C04F79EFBC}") = "Grotix.Contracts.Profiles", "src\Grotix.Contracts.Profiles\Grotix.Contracts.Profiles.csproj", "{71D8D17B-6C39-4C10-9B42-82D2A5A58F2A}"
EndProject
Global
	GlobalSection(SolutionConfigurationPlatforms) = preSolution
		Debug|Any CPU = Debug|Any CPU
		Release|Any CPU = Release|Any CPU
	EndGlobalSection
	GlobalSection(ProjectConfigurationPlatforms) = postSolution
		{A8FD98CA-6D31-4440-8F64-460C6D2A5628}.Debug|Any CPU.ActiveCfg = Debug|Any CPU
		{A8FD98CA-6D31-4440-8F64-460C6D2A5628}.Debug|Any CPU.Build.0 = Debug|Any CPU
		{A8FD98CA-6D31-4440-8F64-460C6D2A5628}.Release|Any CPU.ActiveCfg = Release|Any CPU
		{A8FD98CA-6D31-4440-8F64-460C6D2A5628}.Release|Any CPU.Build.0 = Release|Any CPU
		{D4E14AE9-BD79-465D-875E-6692729776B0}.Debug|Any CPU.ActiveCfg = Debug|Any CPU
		{D4E14AE9-BD79-465D-875E-6692729776B0}.Debug|Any CPU.Build.0 = Debug|Any CPU
		{D4E14AE9-BD79-465D-875E-6692729776B0}.Release|Any CPU.ActiveCfg = Release|Any CPU
		{D4E14AE9-BD79-465D-875E-6692729776B0}.Release|Any CPU.Build.0 = Release|Any CPU
		{5D894CD4-A5EB-4AD8-8524-E6DB426318A9}.Debug|Any CPU.ActiveCfg = Debug|Any CPU
		{5D894CD4-A5EB-4AD8-8524-E6DB426318A9}.Debug|Any CPU.Build.0 = Debug|Any CPU
		{5D894CD4-A5EB-4AD8-8524-E6DB426318A9}.Release|Any CPU.ActiveCfg = Release|Any CPU
		{5D894CD4-A5EB-4AD8-8524-E6DB426318A9}.Release|Any CPU.Build.0 = Release|Any CPU
		{939AEAAC-5785-49DF-BD8E-1C9CE342EE83}.Debug|Any CPU.ActiveCfg = Debug|Any CPU
		{939AEAAC-5785-49DF-BD8E-1C9CE342EE83}.Debug|Any CPU.Build.0 = Debug|Any CPU
		{939AEAAC-5785-49DF-BD8E-1C9CE342EE83}.Release|Any CPU.ActiveCfg = Release|Any CPU
		{939AEAAC-5785-49DF-BD8E-1C9CE342EE83}.Release|Any CPU.Build.0 = Release|Any CPU
		{E1C92E4A-6E7F-4B22-9334-0641F190C42D}.Debug|Any CPU.ActiveCfg = Debug|Any CPU
		{E1C92E4A-6E7F-4B22-9334-0641F190C42D}.Debug|Any CPU.Build.0 = Debug|Any CPU
		{E1C92E4A-6E7F-4B22-9334-0641F190C42D}.Release|Any CPU.ActiveCfg = Release|Any CPU
		{E1C92E4A-6E7F-4B22-9334-0641F190C42D}.Release|Any CPU.Build.0 = Release|Any CPU
		{B2C5951A-30C7-4F72-B848-898FD593E535}.Debug|Any CPU.ActiveCfg = Debug|Any CPU
		{B2C5951A-30C7-4F72-B848-898FD593E535}.Debug|Any CPU.Build.0 = Debug|Any CPU
		{B2C5951A-30C7-4F72-B848-898FD593E535}.Release|Any CPU.ActiveCfg = Release|Any CPU
		{B2C5951A-30C7-4F72-B848-898FD593E535}.Release|Any CPU.Build.0 = Release|Any CPU
		{71D8D17B-6C39-4C10-9B42-82D2A5A58F2A}.Debug|Any CPU.ActiveCfg = Debug|Any CPU
		{71D8D17B-6C39-4C10-9B42-82D2A5A58F2A}.Debug|Any CPU.Build.0 = Debug|Any CPU
		{71D8D17B-6C39-4C10-9B42-82D2A5A58F2A}.Release|Any CPU.ActiveCfg = Release|Any CPU
		{71D8D17B-6C39-4C10-9B42-82D2A5A58F2A}.Release|Any CPU.Build.0 = Release|Any CPU
	EndGlobalSection
	GlobalSection(SolutionProperties) = preSolution
		HideSolutionNode = FALSE
	EndGlobalSection
	GlobalSection(ExtensibilityGlobals) = postSolution
		SolutionGuid = {9648BC11-DBE7-475A-A9E0-1E1D28BE2466}
	EndGlobalSection
EndGlobal
