
Microsoft Visual Studio Solution File, Format Version 12.00
# Visual Studio Version 17
VisualStudioVersion = 17.14.37203.1
MinimumVisualStudioVersion = 10.0.40219.1
Project("{FAE04EC0-301F-11D3-BF4B-00C04F79EFBC}") = "BuildingBlocks", "src\BuildingBlocks\BuildingBlocks.csproj", "{A8FD98CA-6D31-4440-8F64-460C6D2A5628}"
EndProject
Project("{FAE04EC0-301F-11D3-BF4B-00C04F79EFBC}") = "Profiles.Api", "src\Profiles.Api\Profiles.Api.csproj", "{D4E14AE9-BD79-465D-875E-6692729776B0}"
EndProject
Project("{FAE04EC0-301F-11D3-BF4B-00C04F79EFBC}") = "CultivationArea.Api", "src\CultivationArea.Api\CultivationArea.Api.csproj", "{5D894CD4-A5EB-4AD8-8524-E6DB426318A9}"
EndProject
Project("{FAE04EC0-301F-11D3-BF4B-00C04F79EFBC}") = "Gateway.Api", "src\Gateway.Api\Gateway.Api.csproj", "{939AEAAC-5785-49DF-BD8E-1C9CE342EE83}"
EndProject
Project("{FAE04EC0-301F-11D3-BF4B-00C04F79EFBC}") = "Grotix.Contracts.Auth", "src\Grotix.Contracts.Auth\Grotix.Contracts.Auth.csproj", "{E1C92E4A-6E7F-4B22-9334-0641F190C42D}"
EndProject
Project("{FAE04EC0-301F-11D3-BF4B-00C04F79EFBC}") = "Grotix.Contracts.Integration", "src\Grotix.Contracts.Integration\Grotix.Contracts.Integration.csproj", "{B2C5951A-30C7-4F72-B848-898FD593E535}"
EndProject
Project("{FAE04EC0-301F-11D3-BF4B-00C04F79EFBC}") = "Grotix.Contracts.Profiles", "src\Grotix.Contracts.Profiles\Grotix.Contracts.Profiles.csproj", "{71D8D17B-6C39-4C10-9B42-82D2A5A58F2A}"
EndProject
Project("{FAE04EC0-301F-11D3-BF4B-00C04F79EFBC}") = "Grotix.Shared", "src\Grotix.Shared\Grotix.Shared.csproj", "{7F57E1B6-3575-44F0-B265-6478EA7D83A4}"
EndProject
Project("{FAE04EC0-301F-11D3-BF4B-00C04F79EFBC}") = "Grotix.CultivationArea", "src\Grotix.CultivationArea\Grotix.CultivationArea.csproj", "{DAD89D2E-2EB5-4909-BBEC-B6E5F46236A9}"
EndProject
Project("{FAE04EC0-301F-11D3-BF4B-00C04F79EFBC}") = "Grotix.Profiles", "src\Grotix.Profiles\Grotix.Profiles.csproj", "{F917E3B9-9C9C-4D40-8B4F-D7FF1D285A97}"
EndProject
Project("{FAE04EC0-301F-11D3-BF4B-00C04F79EFBC}") = "Grotix.IAM", "src\Grotix.IAM\Grotix.IAM.csproj", "{C2300069-7567-4E8A-A7FD-0A9C06C671B0}"
EndProject
Project("{FAE04EC0-301F-11D3-BF4B-00C04F79EFBC}") = "Grotix.Persistence", "src\Grotix.Persistence\Grotix.Persistence.csproj", "{0A55A26C-C61A-4B08-B727-6050E6E03D65}"
EndProject
Project("{2150E333-8FDC-42A3-9474-1A3956D46DE8}") = "src", "src", "{827E0CD3-B72D-47B6-A68D-7590B98EB39B}"
EndProject
Project("{FAE04EC0-301F-11D3-BF4B-00C04F79EFBC}") = "Grotix.Telemetry", "src\Grotix.Telemetry\Grotix.Telemetry.csproj", "{EBB13C19-FF24-4C99-9961-9692E1319AB7}"
EndProject
Project("{FAE04EC0-301F-11D3-BF4B-00C04F79EFBC}") = "Grotix.Persistence.Telemetry", "src\Grotix.Persistence.Telemetry\Grotix.Persistence.Telemetry.csproj", "{BB764B74-69C5-463D-8EB0-16C552D5AF03}"
EndProject
Project("{FAE04EC0-301F-11D3-BF4B-00C04F79EFBC}") = "Telemetry.Api", "src\Telemetry.Api\Telemetry.Api.csproj", "{73BA02DC-0F07-41A8-8F4D-D13F58BFB64A}"
EndProject
Project("{FAE04EC0-301F-11D3-BF4B-00C04F79EFBC}") = "Grotix.HardwareDevice", "src\Grotix.HardwareDevice\Grotix.HardwareDevice.csproj", "{31257454-EE40-4673-B51E-7198F7EC7D2D}"
EndProject
Project("{FAE04EC0-301F-11D3-BF4B-00C04F79EFBC}") = "Grotix.Persistence.HardwareDevice", "src\Grotix.Persistence.HardwareDevice\Grotix.Persistence.HardwareDevice.csproj", "{27A2DA7C-5F25-4135-B6AA-49921D4BEF16}"
EndProject
Project("{FAE04EC0-301F-11D3-BF4B-00C04F79EFBC}") = "HardwareDevice.Api", "src\HardwareDevice.Api\HardwareDevice.Api.csproj", "{EDB445F7-ABEB-4167-9A2F-85D9F43C1E86}"
EndProject
Global
	GlobalSection(SolutionConfigurationPlatforms) = preSolution
		Debug|Any CPU = Debug|Any CPU
		Debug|x64 = Debug|x64
		Debug|x86 = Debug|x86
		Release|Any CPU = Release|Any CPU
		Release|x64 = Release|x64
		Release|x86 = Release|x86
	EndGlobalSection
	GlobalSection(ProjectConfigurationPlatforms) = postSolution
		{A8FD98CA-6D31-4440-8F64-460C6D2A5628}.Debug|Any CPU.ActiveCfg = Debug|Any CPU
		{A8FD98CA-6D31-4440-8F64-460C6D2A5628}.Debug|Any CPU.Build.0 = Debug|Any CPU
		{A8FD98CA-6D31-4440-8F64-460C6D2A5628}.Debug|x64.ActiveCfg = Debug|Any CPU
		{A8FD98CA-6D31-4440-8F64-460C6D2A5628}.Debug|x64.Build.0 = Debug|Any CPU
		{A8FD98CA-6D31-4440-8F64-460C6D2A5628}.Debug|x86.ActiveCfg = Debug|Any CPU
		{A8FD98CA-6D31-4440-8F64-460C6D2A5628}.Debug|x86.Build.0 = Debug|Any CPU
		{A8FD98CA-6D31-4440-8F64-460C6D2A5628}.Release|Any CPU.ActiveCfg = Release|Any CPU
		{A8FD98CA-6D31-4440-8F64-460C6D2A5628}.Release|Any CPU.Build.0 = Release|Any CPU
		{A8FD98CA-6D31-4440-8F64-460C6D2A5628}.Release|x64.ActiveCfg = Release|Any CPU
		{A8FD98CA-6D31-4440-8F64-460C6D2A5628}.Release|x64.Build.0 = Release|Any CPU
		{A8FD98CA-6D31-4440-8F64-460C6D2A5628}.Release|x86.ActiveCfg = Release|Any CPU
		{A8FD98CA-6D31-4440-8F64-460C6D2A5628}.Release|x86.Build.0 = Release|Any CPU
		{D4E14AE9-BD79-465D-875E-6692729776B0}.Debug|Any CPU.ActiveCfg = Debug|Any CPU
		{D4E14AE9-BD79-465D-875E-6692729776B0}.Debug|Any CPU.Build.0 = Debug|Any CPU
		{D4E14AE9-BD79-465D-875E-6692729776B0}.Debug|x64.ActiveCfg = Debug|Any CPU
		{D4E14AE9-BD79-465D-875E-6692729776B0}.Debug|x64.Build.0 = Debug|Any CPU
		{D4E14AE9-BD79-465D-875E-6692729776B0}.Debug|x86.ActiveCfg = Debug|Any CPU
		{D4E14AE9-BD79-465D-875E-6692729776B0}.Debug|x86.Build.0 = Debug|Any CPU
		{D4E14AE9-BD79-465D-875E-6692729776B0}.Release|Any CPU.ActiveCfg = Release|Any CPU
		{D4E14AE9-BD79-465D-875E-6692729776B0}.Release|Any CPU.Build.0 = Release|Any CPU
		{D4E14AE9-BD79-465D-875E-6692729776B0}.Release|x64.ActiveCfg = Release|Any CPU
		{D4E14AE9-BD79-465D-875E-6692729776B0}.Release|x64.Build.0 = Release|Any CPU
		{D4E14AE9-BD79-465D-875E-6692729776B0}.Release|x86.ActiveCfg = Release|Any CPU
		{D4E14AE9-BD79-465D-875E-6692729776B0}.Release|x86.Build.0 = Release|Any CPU
		{5D894CD4-A5EB-4AD8-8524-E6DB426318A9}.Debug|Any CPU.ActiveCfg = Debug|Any CPU
		{5D894CD4-A5EB-4AD8-8524-E6DB426318A9}.Debug|Any CPU.Build.0 = Debug|Any CPU
		{5D894CD4-A5EB-4AD8-8524-E6DB426318A9}.Debug|x64.ActiveCfg = Debug|Any CPU
		{5D894CD4-A5EB-4AD8-8524-E6DB426318A9}.Debug|x64.Build.0 = Debug|Any CPU
		{5D894CD4-A5EB-4AD8-8524-E6DB426318A9}.Debug|x86.ActiveCfg = Debug|Any CPU
		{5D894CD4-A5EB-4AD8-8524-E6DB426318A9}.Debug|x86.Build.0 = Debug|Any CPU
		{5D894CD4-A5EB-4AD8-8524-E6DB426318A9}.Release|Any CPU.ActiveCfg = Release|Any CPU
		{5D894CD4-A5EB-4AD8-8524-E6DB426318A9}.Release|Any CPU.Build.0 = Release|Any CPU
		{5D894CD4-A5EB-4AD8-8524-E6DB426318A9}.Release|x64.ActiveCfg = Release|Any CPU
		{5D894CD4-A5EB-4AD8-8524-E6DB426318A9}.Release|x64.Build.0 = Release|Any CPU
		{5D894CD4-A5EB-4AD8-8524-E6DB426318A9}.Release|x86.ActiveCfg = Release|Any CPU
		{5D894CD4-A5EB-4AD8-8524-E6DB426318A9}.Release|x86.Build.0 = Release|Any CPU
		{939AEAAC-5785-49DF-BD8E-1C9CE342EE83}.Debug|Any CPU.ActiveCfg = Debug|Any CPU
		{939AEAAC-5785-49DF-BD8E-1C9CE342EE83}.Debug|Any CPU.Build.0 = Debug|Any CPU
		{939AEAAC-5785-49DF-BD8E-1C9CE342EE83}.Debug|x64.ActiveCfg = Debug|Any CPU
		{939AEAAC-5785-49DF-BD8E-1C9CE342EE83}.Debug|x64.Build.0 = Debug|Any CPU
		{939AEAAC-5785-49DF-BD8E-1C9CE342EE83}.Debug|x86.ActiveCfg = Debug|Any CPU
		{939AEAAC-5785-49DF-BD8E-1C9CE342EE83}.Debug|x86.Build.0 = Debug|Any CPU
		{939AEAAC-5785-49DF-BD8E-1C9CE342EE83}.Release|Any CPU.ActiveCfg = Release|Any CPU
		{939AEAAC-5785-49DF-BD8E-1C9CE342EE83}.Release|Any CPU.Build.0 = Release|Any CPU
		{939AEAAC-5785-49DF-BD8E-1C9CE342EE83}.Release|x64.ActiveCfg = Release|Any CPU
		{939AEAAC-5785-49DF-BD8E-1C9CE342EE83}.Release|x64.Build.0 = Release|Any CPU
		{939AEAAC-5785-49DF-BD8E-1C9CE342EE83}.Release|x86.ActiveCfg = Release|Any CPU
		{939AEAAC-5785-49DF-BD8E-1C9CE342EE83}.Release|x86.Build.0 = Release|Any CPU
		{E1C92E4A-6E7F-4B22-9334-0641F190C42D}.Debug|Any CPU.ActiveCfg = Debug|Any CPU
		{E1C92E4A-6E7F-4B22-9334-0641F190C42D}.Debug|Any CPU.Build.0 = Debug|Any CPU
		{E1C92E4A-6E7F-4B22-9334-0641F190C42D}.Debug|x64.ActiveCfg = Debug|Any CPU
		{E1C92E4A-6E7F-4B22-9334-0641F190C42D}.Debug|x64.Build.0 = Debug|Any CPU
		{E1C92E4A-6E7F-4B22-9334-0641F190C42D}.Debug|x86.ActiveCfg = Debug|Any CPU
		{E1C92E4A-6E7F-4B22-9334-0641F190C42D}.Debug|x86.Build.0 = Debug|Any CPU
		{E1C92E4A-6E7F-4B22-9334-0641F190C42D}.Release|Any CPU.ActiveCfg = Release|Any CPU
		{E1C92E4A-6E7F-4B22-9334-0641F190C42D}.Release|Any CPU.Build.0 = Release|Any CPU
		{E1C92E4A-6E7F-4B22-9334-0641F190C42D}.Release|x64.ActiveCfg = Release|Any CPU
		{E1C92E4A-6E7F-4B22-9334-0641F190C42D}.Release|x64.Build.0 = Release|Any CPU
		{E1C92E4A-6E7F-4B22-9334-0641F190C42D}.Release|x86.ActiveCfg = Release|Any CPU
		{E1C92E4A-6E7F-4B22-9334-0641F190C42D}.Release|x86.Build.0 = Release|Any CPU
		{B2C5951A-30C7-4F72-B848-898FD593E535}.Debug|Any CPU.ActiveCfg = Debug|Any CPU
		{B2C5951A-30C7-4F72-B848-898FD593E535}.Debug|Any CPU.Build.0 = Debug|Any CPU
		{B2C5951A-30C7-4F72-B848-898FD593E535}.Debug|x64.ActiveCfg = Debug|Any CPU
		{B2C5951A-30C7-4F72-B848-898FD593E535}.Debug|x64.Build.0 = Debug|Any CPU
		{B2C5951A-30C7-4F72-B848-898FD593E535}.Debug|x86.ActiveCfg = Debug|Any CPU
		{B2C5951A-30C7-4F72-B848-898FD593E535}.Debug|x86.Build.0 = Debug|Any CPU
		{B2C5951A-30C7-4F72-B848-898FD593E535}.Release|Any CPU.ActiveCfg = Release|Any CPU
		{B2C5951A-30C7-4F72-B848-898FD593E535}.Release|Any CPU.Build.0 = Release|Any CPU
		{B2C5951A-30C7-4F72-B848-898FD593E535}.Release|x64.ActiveCfg = Release|Any CPU
		{B2C5951A-30C7-4F72-B848-898FD593E535}.Release|x64.Build.0 = Release|Any CPU
		{B2C5951A-30C7-4F72-B848-898FD593E535}.Release|x86.ActiveCfg = Release|Any CPU
		{B2C5951A-30C7-4F72-B848-898FD593E535}.Release|x86.Build.0 = Release|Any CPU
		{71D8D17B-6C39-4C10-9B42-82D2A5A58F2A}.Debug|Any CPU.ActiveCfg = Debug|Any CPU
		{71D8D17B-6C39-4C10-9B42-82D2A5A58F2A}.Debug|Any CPU.Build.0 = Debug|Any CPU
		{71D8D17B-6C39-4C10-9B42-82D2A5A58F2A}.Debug|x64.ActiveCfg = Debug|Any CPU
		{71D8D17B-6C39-4C10-9B42-82D2A5A58F2A}.Debug|x64.Build.0 = Debug|Any CPU
		{71D8D17B-6C39-4C10-9B42-82D2A5A58F2A}.Debug|x86.ActiveCfg = Debug|Any CPU
		{71D8D17B-6C39-4C10-9B42-82D2A5A58F2A}.Debug|x86.Build.0 = Debug|Any CPU
		{71D8D17B-6C39-4C10-9B42-82D2A5A58F2A}.Release|Any CPU.ActiveCfg = Release|Any CPU
		{71D8D17B-6C39-4C10-9B42-82D2A5A58F2A}.Release|Any CPU.Build.0 = Release|Any CPU
		{71D8D17B-6C39-4C10-9B42-82D2A5A58F2A}.Release|x64.ActiveCfg = Release|Any CPU
		{71D8D17B-6C39-4C10-9B42-82D2A5A58F2A}.Release|x64.Build.0 = Release|Any CPU
		{71D8D17B-6C39-4C10-9B42-82D2A5A58F2A}.Release|x86.ActiveCfg = Release|Any CPU
		{71D8D17B-6C39-4C10-9B42-82D2A5A58F2A}.Release|x86.Build.0 = Release|Any CPU
		{7F57E1B6-3575-44F0-B265-6478EA7D83A4}.Debug|Any CPU.ActiveCfg = Debug|Any CPU
		{7F57E1B6-3575-44F0-B265-6478EA7D83A4}.Debug|Any CPU.Build.0 = Debug|Any CPU
		{7F57E1B6-3575-44F0-B265-6478EA7D83A4}.Debug|x64.ActiveCfg = Debug|Any CPU
		{7F57E1B6-3575-44F0-B265-6478EA7D83A4}.Debug|x64.Build.0 = Debug|Any CPU
		{7F57E1B6-3575-44F0-B265-6478EA7D83A4}.Debug|x86.ActiveCfg = Debug|Any CPU
		{7F57E1B6-3575-44F0-B265-6478EA7D83A4}.Debug|x86.Build.0 = Debug|Any CPU
		{7F57E1B6-3575-44F0-B265-6478EA7D83A4}.Release|Any CPU.ActiveCfg = Release|Any CPU
		{7F57E1B6-3575-44F0-B265-6478EA7D83A4}.Release|Any CPU.Build.0 = Release|Any CPU
		{7F57E1B6-3575-44F0-B265-6478EA7D83A4}.Release|x64.ActiveCfg = Release|Any CPU
		{7F57E1B6-3575-44F0-B265-6478EA7D83A4}.Release|x64.Build.0 = Release|Any CPU
		{7F57E1B6-3575-44F0-B265-6478EA7D83A4}.Release|x86.ActiveCfg = Release|Any CPU
		{7F57E1B6-3575-44F0-B265-6478EA7D83A4}.Release|x86.Build.0 = Release|Any CPU
		{DAD89D2E-2EB5-4909-BBEC-B6E5F46236A9}.Debug|Any CPU.ActiveCfg = Debug|Any CPU
		{DAD89D2E-2EB5-4909-BBEC-B6E5F46236A9}.Debug|Any CPU.Build.0 = Debug|Any CPU
		{DAD89D2E-2EB5-4909-BBEC-B6E5F46236A9}.Debug|x64.ActiveCfg = Debug|Any CPU
		{DAD89D2E-2EB5-4909-BBEC-B6E5F46236A9}.Debug|x64.Build.0 = Debug|Any CPU
		{DAD89D2E-2EB5-4909-BBEC-B6E5F46236A9}.Debug|x86.ActiveCfg = Debug|Any CPU
		{DAD89D2E-2EB5-4909-BBEC-B6E5F46236A9}.Debug|x86.Build.0 = Debug|Any CPU
		{DAD89D2E-2EB5-4909-BBEC-B6E5F46236A9}.Release|Any CPU.ActiveCfg = Release|Any CPU
		{DAD89D2E-2EB5-4909-BBEC-B6E5F46236A9}.Release|Any CPU.Build.0 = Release|Any CPU
		{DAD89D2E-2EB5-4909-BBEC-B6E5F46236A9}.Release|x64.ActiveCfg = Release|Any CPU
		{DAD89D2E-2EB5-4909-BBEC-B6E5F46236A9}.Release|x64.Build.0 = Release|Any CPU
		{DAD89D2E-2EB5-4909-BBEC-B6E5F46236A9}.Release|x86.ActiveCfg = Release|Any CPU
		{DAD89D2E-2EB5-4909-BBEC-B6E5F46236A9}.Release|x86.Build.0 = Release|Any CPU
		{F917E3B9-9C9C-4D40-8B4F-D7FF1D285A97}.Debug|Any CPU.ActiveCfg = Debug|Any CPU
		{F917E3B9-9C9C-4D40-8B4F-D7FF1D285A97}.Debug|Any CPU.Build.0 = Debug|Any CPU
		{F917E3B9-9C9C-4D40-8B4F-D7FF1D285A97}.Debug|x64.ActiveCfg = Debug|Any CPU
		{F917E3B9-9C9C-4D40-8B4F-D7FF1D285A97}.Debug|x64.Build.0 = Debug|Any CPU
		{F917E3B9-9C9C-4D40-8B4F-D7FF1D285A97}.Debug|x86.ActiveCfg = Debug|Any CPU
		{F917E3B9-9C9C-4D40-8B4F-D7FF1D285A97}.Debug|x86.Build.0 = Debug|Any CPU
		{F917E3B9-9C9C-4D40-8B4F-D7FF1D285A97}.Release|Any CPU.ActiveCfg = Release|Any CPU
		{F917E3B9-9C9C-4D40-8B4F-D7FF1D285A97}.Release|Any CPU.Build.0 = Release|Any CPU
		{F917E3B9-9C9C-4D40-8B4F-D7FF1D285A97}.Release|x64.ActiveCfg = Release|Any CPU
		{F917E3B9-9C9C-4D40-8B4F-D7FF1D285A97}.Release|x64.Build.0 = Release|Any CPU
		{F917E3B9-9C9C-4D40-8B4F-D7FF1D285A97}.Release|x86.ActiveCfg = Release|Any CPU
		{F917E3B9-9C9C-4D40-8B4F-D7FF1D285A97}.Release|x86.Build.0 = Release|Any CPU
		{C2300069-7567-4E8A-A7FD-0A9C06C671B0}.Debug|Any CPU.ActiveCfg = Debug|Any CPU
		{C2300069-7567-4E8A-A7FD-0A9C06C671B0}.Debug|Any CPU.Build.0 = Debug|Any CPU
		{C2300069-7567-4E8A-A7FD-0A9C06C671B0}.Debug|x64.ActiveCfg = Debug|Any CPU
		{C2300069-7567-4E8A-A7FD-0A9C06C671B0}.Debug|x64.Build.0 = Debug|Any CPU
		{C2300069-7567-4E8A-A7FD-0A9C06C671B0}.Debug|x86.ActiveCfg = Debug|Any CPU
		{C2300069-7567-4E8A-A7FD-0A9C06C671B0}.Debug|x86.Build.0 = Debug|Any CPU
		{C2300069-7567-4E8A-A7FD-0A9C06C671B0}.Release|Any CPU.ActiveCfg = Release|Any CPU
		{C2300069-7567-4E8A-A7FD-0A9C06C671B0}.Release|Any CPU.Build.0 = Release|Any CPU
		{C2300069-7567-4E8A-A7FD-0A9C06C671B0}.Release|x64.ActiveCfg = Release|Any CPU
		{C2300069-7567-4E8A-A7FD-0A9C06C671B0}.Release|x64.Build.0 = Release|Any CPU
		{C2300069-7567-4E8A-A7FD-0A9C06C671B0}.Release|x86.ActiveCfg = Release|Any CPU
		{C2300069-7567-4E8A-A7FD-0A9C06C671B0}.Release|x86.Build.0 = Release|Any CPU
		{0A55A26C-C61A-4B08-B727-6050E6E03D65}.Debug|Any CPU.ActiveCfg = Debug|Any CPU
		{0A55A26C-C61A-4B08-B727-6050E6E03D65}.Debug|Any CPU.Build.0 = Debug|Any CPU
		{0A55A26C-C61A-4B08-B727-6050E6E03D65}.Debug|x64.ActiveCfg = Debug|Any CPU
		{0A55A26C-C61A-4B08-B727-6050E6E03D65}.Debug|x64.Build.0 = Debug|Any CPU
		{0A55A26C-C61A-4B08-B727-6050E6E03D65}.Debug|x86.ActiveCfg = Debug|Any CPU
		{0A55A26C-C61A-4B08-B727-6050E6E03D65}.Debug|x86.Build.0 = Debug|Any CPU
		{0A55A26C-C61A-4B08-B727-6050E6E03D65}.Release|Any CPU.ActiveCfg = Release|Any CPU
		{0A55A26C-C61A-4B08-B727-6050E6E03D65}.Release|Any CPU.Build.0 = Release|Any CPU
		{0A55A26C-C61A-4B08-B727-6050E6E03D65}.Release|x64.ActiveCfg = Release|Any CPU
		{0A55A26C-C61A-4B08-B727-6050E6E03D65}.Release|x64.Build.0 = Release|Any CPU
		{0A55A26C-C61A-4B08-B727-6050E6E03D65}.Release|x86.ActiveCfg = Release|Any CPU
		{0A55A26C-C61A-4B08-B727-6050E6E03D65}.Release|x86.Build.0 = Release|Any CPU
		{EBB13C19-FF24-4C99-9961-9692E1319AB7}.Debug|Any CPU.ActiveCfg = Debug|Any CPU
		{EBB13C19-FF24-4C99-9961-9692E1319AB7}.Debug|Any CPU.Build.0 = Debug|Any CPU
		{EBB13C19-FF24-4C99-9961-9692E1319AB7}.Debug|x64.ActiveCfg = Debug|Any CPU
		{EBB13C19-FF24-4C99-9961-9692E1319AB7}.Debug|x64.Build.0 = Debug|Any CPU
		{EBB13C19-FF24-4C99-9961-9692E1319AB7}.Debug|x86.ActiveCfg = Debug|Any CPU
		{EBB13C19-FF24-4C99-9961-9692E1319AB7}.Debug|x86.Build.0 = Debug|Any CPU
		{EBB13C19-FF24-4C99-9961-9692E1319AB7}.Release|Any CPU.ActiveCfg = Release|Any CPU
		{EBB13C19-FF24-4C99-9961-9692E1319AB7}.Release|Any CPU.Build.0 = Release|Any CPU
		{EBB13C19-FF24-4C99-9961-9692E1319AB7}.Release|x64.ActiveCfg = Release|Any CPU
		{EBB13C19-FF24-4C99-9961-9692E1319AB7}.Release|x64.Build.0 = Release|Any CPU
		{EBB13C19-FF24-4C99-9961-9692E1319AB7}.Release|x86.ActiveCfg = Release|Any CPU
		{EBB13C19-FF24-4C99-9961-9692E1319AB7}.Release|x86.Build.0 = Release|Any CPU
		{BB764B74-69C5-463D-8EB0-16C552D5AF03}.Debug|Any CPU.ActiveCfg = Debug|Any CPU
		{BB764B74-69C5-463D-8EB0-16C552D5AF03}.Debug|Any CPU.Build.0 = Debug|Any CPU
		{BB764B74-69C5-463D-8EB0-16C552D5AF03}.Debug|x64.ActiveCfg = Debug|Any CPU
		{BB764B74-69C5-463D-8EB0-16C552D5AF03}.Debug|x64.Build.0 = Debug|Any CPU
		{BB764B74-69C5-463D-8EB0-16C552D5AF03}.Debug|x86.ActiveCfg = Debug|Any CPU
		{BB764B74-69C5-463D-8EB0-16C552D5AF03}.Debug|x86.Build.0 = Debug|Any CPU
		{BB764B74-69C5-463D-8EB0-16C552D5AF03}.Release|Any CPU.ActiveCfg = Release|Any CPU
		{BB764B74-69C5-463D-8EB0-16C552D5AF03}.Release|Any CPU.Build.0 = Release|Any CPU
		{BB764B74-69C5-463D-8EB0-16C552D5AF03}.Release|x64.ActiveCfg = Release|Any CPU
		{BB764B74-69C5-463D-8EB0-16C552D5AF03}.Release|x64.Build.0 = Release|Any CPU
		{BB764B74-69C5-463D-8EB0-16C552D5AF03}.Release|x86.ActiveCfg = Release|Any CPU
		{BB764B74-69C5-463D-8EB0-16C552D5AF03}.Release|x86.Build.0 = Release|Any CPU
		{73BA02DC-0F07-41A8-8F4D-D13F58BFB64A}.Debug|Any CPU.ActiveCfg = Debug|Any CPU
		{73BA02DC-0F07-41A8-8F4D-D13F58BFB64A}.Debug|Any CPU.Build.0 = Debug|Any CPU
		{73BA02DC-0F07-41A8-8F4D-D13F58BFB64A}.Debug|x64.ActiveCfg = Debug|Any CPU
		{73BA02DC-0F07-41A8-8F4D-D13F58BFB64A}.Debug|x64.Build.0 = Debug|Any CPU
		{73BA02DC-0F07-41A8-8F4D-D13F58BFB64A}.Debug|x86.ActiveCfg = Debug|Any CPU
		{73BA02DC-0F07-41A8-8F4D-D13F58BFB64A}.Debug|x86.Build.0 = Debug|Any CPU
		{73BA02DC-0F07-41A8-8F4D-D13F58BFB64A}.Release|Any CPU.ActiveCfg = Release|Any CPU
		{73BA02DC-0F07-41A8-8F4D-D13F58BFB64A}.Release|Any CPU.Build.0 = Release|Any CPU
		{73BA02DC-0F07-41A8-8F4D-D13F58BFB64A}.Release|x64.ActiveCfg = Release|Any CPU
		{73BA02DC-0F07-41A8-8F4D-D13F58BFB64A}.Release|x64.Build.0 = Release|Any CPU
		{73BA02DC-0F07-41A8-8F4D-D13F58BFB64A}.Release|x86.ActiveCfg = Release|Any CPU
		{73BA02DC-0F07-41A8-8F4D-D13F58BFB64A}.Release|x86.Build.0 = Release|Any CPU
		{31257454-EE40-4673-B51E-7198F7EC7D2D}.Debug|Any CPU.ActiveCfg = Debug|Any CPU
		{31257454-EE40-4673-B51E-7198F7EC7D2D}.Debug|Any CPU.Build.0 = Debug|Any CPU
		{31257454-EE40-4673-B51E-7198F7EC7D2D}.Debug|x64.ActiveCfg = Debug|Any CPU
		{31257454-EE40-4673-B51E-7198F7EC7D2D}.Debug|x64.Build.0 = Debug|Any CPU
		{31257454-EE40-4673-B51E-7198F7EC7D2D}.Debug|x86.ActiveCfg = Debug|Any CPU
		{31257454-EE40-4673-B51E-7198F7EC7D2D}.Debug|x86.Build.0 = Debug|Any CPU
		{31257454-EE40-4673-B51E-7198F7EC7D2D}.Release|Any CPU.ActiveCfg = Release|Any CPU
		{31257454-EE40-4673-B51E-7198F7EC7D2D}.Release|Any CPU.Build.0 = Release|Any CPU
		{31257454-EE40-4673-B51E-7198F7EC7D2D}.Release|x64.ActiveCfg = Release|Any CPU
		{31257454-EE40-4673-B51E-7198F7EC7D2D}.Release|x64.Build.0 = Release|Any CPU
		{31257454-EE40-4673-B51E-7198F7EC7D2D}.Release|x86.ActiveCfg = Release|Any CPU
		{31257454-EE40-4673-B51E-7198F7EC7D2D}.Release|x86.Build.0 = Release|Any CPU
		{27A2DA7C-5F25-4135-B6AA-49921D4BEF16}.Debug|Any CPU.ActiveCfg = Debug|Any CPU
		{27A2DA7C-5F25-4135-B6AA-49921D4BEF16}.Debug|Any CPU.Build.0 = Debug|Any CPU
		{27A2DA7C-5F25-4135-B6AA-49921D4BEF16}.Debug|x64.ActiveCfg = Debug|Any CPU
		{27A2DA7C-5F25-4135-B6AA-49921D4BEF16}.Debug|x64.Build.0 = Debug|Any CPU
		{27A2DA7C-5F25-4135-B6AA-49921D4BEF16}.Debug|x86.ActiveCfg = Debug|Any CPU
		{27A2DA7C-5F25-4135-B6AA-49921D4BEF16}.Debug|x86.Build.0 = Debug|Any CPU
		{27A2DA7C-5F25-4135-B6AA-49921D4BEF16}.Release|Any CPU.ActiveCfg = Release|Any CPU
		{27A2DA7C-5F25-4135-B6AA-49921D4BEF16}.Release|Any CPU.Build.0 = Release|Any CPU
		{27A2DA7C-5F25-4135-B6AA-49921D4BEF16}.Release|x64.ActiveCfg = Release|Any CPU
		{27A2DA7C-5F25-4135-B6AA-49921D4BEF16}.Release|x64.Build.0 = Release|Any CPU
		{27A2DA7C-5F25-4135-B6AA-49921D4BEF16}.Release|x86.ActiveCfg = Release|Any CPU
		{27A2DA7C-5F25-4135-B6AA-49921D4BEF16}.Release|x86.Build.0 = Release|Any CPU
		{EDB445F7-ABEB-4167-9A2F-85D9F43C1E86}.Debug|Any CPU.ActiveCfg = Debug|Any CPU
		{EDB445F7-ABEB-4167-9A2F-85D9F43C1E86}.Debug|Any CPU.Build.0 = Debug|Any CPU
		{EDB445F7-ABEB-4167-9A2F-85D9F43C1E86}.Debug|x64.ActiveCfg = Debug|Any CPU
		{EDB445F7-ABEB-4167-9A2F-85D9F43C1E86}.Debug|x64.Build.0 = Debug|Any CPU
		{EDB445F7-ABEB-4167-9A2F-85D9F43C1E86}.Debug|x86.ActiveCfg = Debug|Any CPU
		{EDB445F7-ABEB-4167-9A2F-85D9F43C1E86}.Debug|x86.Build.0 = Debug|Any CPU
		{EDB445F7-ABEB-4167-9A2F-85D9F43C1E86}.Release|Any CPU.ActiveCfg = Release|Any CPU
		{EDB445F7-ABEB-4167-9A2F-85D9F43C1E86}.Release|Any CPU.Build.0 = Release|Any CPU
		{EDB445F7-ABEB-4167-9A2F-85D9F43C1E86}.Release|x64.ActiveCfg = Release|Any CPU
		{EDB445F7-ABEB-4167-9A2F-85D9F43C1E86}.Release|x64.Build.0 = Release|Any CPU
		{EDB445F7-ABEB-4167-9A2F-85D9F43C1E86}.Release|x86.ActiveCfg = Release|Any CPU
		{EDB445F7-ABEB-4167-9A2F-85D9F43C1E86}.Release|x86.Build.0 = Release|Any CPU
	EndGlobalSection
	GlobalSection(SolutionProperties) = preSolution
		HideSolutionNode = FALSE
	EndGlobalSection
	GlobalSection(NestedProjects) = preSolution
		{EBB13C19-FF24-4C99-9961-9692E1319AB7} = {827E0CD3-B72D-47B6-A68D-7590B98EB39B}
		{BB764B74-69C5-463D-8EB0-16C552D5AF03} = {827E0CD3-B72D-47B6-A68D-7590B98EB39B}
		{73BA02DC-0F07-41A8-8F4D-D13F58BFB64A} = {827E0CD3-B72D-47B6-A68D-7590B98EB39B}
		{31257454-EE40-4673-B51E-7198F7EC7D2D} = {827E0CD3-B72D-47B6-A68D-7590B98EB39B}
		{27A2DA7C-5F25-4135-B6AA-49921D4BEF16} = {827E0CD3-B72D-47B6-A68D-7590B98EB39B}
		{EDB445F7-ABEB-4167-9A2F-85D9F43C1E86} = {827E0CD3-B72D-47B6-A68D-7590B98EB39B}
	EndGlobalSection
	GlobalSection(ExtensibilityGlobals) = postSolution
		SolutionGuid = {9648BC11-DBE7-475A-A9E0-1E1D28BE2466}
	EndGlobalSection
EndGlobal
